
Microsoft Visual Studio Solution File, Format Version 12.00
# Visual Studio Version 17
VisualStudioVersion = 17.4.33213.308
MinimumVisualStudioVersion = 10.0.40219.1
Project("{FAE04EC0-301F-11D3-BF4B-00C04F79EFBC}") = "Lab1", "Lab1\Lab1.csproj", "{C48DDD99-F0CF-4C4A-B8C4-4BDEDAAEC45D}"
EndProject
Project("{FAE04EC0-301F-11D3-BF4B-00C04F79EFBC}") = "WinFormsApp1", "WinFormsApp1\WinFormsApp1.csproj", "{98063C93-E842-406F-A2F2-C0ED070DA286}"
EndProject
Global
	GlobalSection(SolutionConfigurationPlatforms) = preSolution
		Debug|Any CPU = Debug|Any CPU
		Release|Any CPU = Release|Any CPU
	EndGlobalSection
	GlobalSection(ProjectConfigurationPlatforms) = postSolution
		{C48DDD99-F0CF-4C4A-B8C4-4BDEDAAEC45D}.Debug|Any CPU.ActiveCfg = Debug|Any CPU
		{C48DDD99-F0CF-4C4A-B8C4-4BDEDAAEC45D}.Debug|Any CPU.Build.0 = Debug|Any CPU
		{C48DDD99-F0CF-4C4A-B8C4-4BDEDAAEC45D}.Release|Any CPU.ActiveCfg = Release|Any CPU
		{C48DDD99-F0CF-4C4A-B8C4-4BDEDAAEC45D}.Release|Any CPU.Build.0 = Release|Any CPU
		{98063C93-E842-406F-A2F2-C0ED070DA286}.Debug|Any CPU.ActiveCfg = Debug|Any CPU
		{98063C93-E842-406F-A2F2-C0ED070DA286}.Debug|Any CPU.Build.0 = Debug|Any CPU
		{98063C93-E842-406F-A2F2-C0ED070DA286}.Release|Any CPU.ActiveCfg = Release|Any CPU
		{98063C93-E842-406F-A2F2-C0ED070DA286}.Release|Any CPU.Build.0 = Release|Any CPU
	EndGlobalSection
	GlobalSection(SolutionProperties) = preSolution
		HideSolutionNode = FALSE
	EndGlobalSection
	GlobalSection(ExtensibilityGlobals) = postSolution
		SolutionGuid = {29E5245F-37BE-43A9-BF63-94B0C3FFEFCD}
	EndGlobalSection
EndGlobal
